Microsoft Visual Studio Solution File, Format Version 12.00
# Visual Studio 14
VisualStudioVersion = 14.0.24720.0
MinimumVisualStudioVersion = 10.0.40219.1
Project("{FAE04EC0-301F-11D3-BF4B-00C04F79EFBC}") = "BtlSvr.Main", "BtlSvr.Main\BtlSvr.Main.csproj", "{A45DFEC2-6890-4F5D-8D84-7C3B4CB8687B}"
EndProject
Project("{FAE04EC0-301F-11D3-BF4B-00C04F79EFBC}") = "UnrealEngine", "UnrealEngine\UnrealEngine.csproj", "{1D64C6E0-0D00-4AC9-B44E-01BB70193859}"
EndProject
Project("{FAE04EC0-301F-11D3-BF4B-00C04F79EFBC}") = "System", "System\System.csproj", "{65847956-C04F-4918-9202-34CD84E2860E}"
EndProject
Project("{FAE04EC0-301F-11D3-BF4B-00C04F79EFBC}") = "ILRuntime", "ILRuntime\ILRuntime.csproj", "{A29273EC-F17D-40CC-A01E-1ED3C62D3204}"
EndProject
Project("{FAE04EC0-301F-11D3-BF4B-00C04F79EFBC}") = "System.Core", "System.Core\System.Core.csproj", "{898E51D4-0FF1-4D24-8021-F2F7EF9E768D}"
EndProject
Project("{FAE04EC0-301F-11D3-BF4B-00C04F79EFBC}") = "b1.NativePlugins", "b1.NativePlugins\b1.NativePlugins.csproj", "{95610001-6490-4D97-AA5F-658F002F2133}"
EndProject
Project("{FAE04EC0-301F-11D3-BF4B-00C04F79EFBC}") = "GSE.ProtobufDB", "GSE.ProtobufDB\GSE.ProtobufDB.csproj", "{6FC5C991-EA92-4308-A95B-F04B4252FAD3}"
EndProject
Project("{FAE04EC0-301F-11D3-BF4B-00C04F79EFBC}") = "Protobuf.RunTime", "Protobuf.RunTime\Protobuf.RunTime.csproj", "{CB3DEB2B-DF7D-403A-8848-30F3D929160C}"
EndProject
Project("{FAE04EC0-301F-11D3-BF4B-00C04F79EFBC}") = "mscorlib", "mscorlib\mscorlib.csproj", "{3D302996-38EE-418B-972D-82FB5779609C}"
EndProject
Project("{FAE04EC0-301F-11D3-BF4B-00C04F79EFBC}") = "b1.Native", "b1.Native\b1.Native.csproj", "{B2CB39F0-8568-41A3-B6B7-D3B54CA24100}"
EndProject
Project("{FAE04EC0-301F-11D3-BF4B-00C04F79EFBC}") = "UnrealEngine.Runtime", "UnrealEngine.Runtime\UnrealEngine.Runtime.csproj", "{89C66BA3-47F8-4F86-871B-7C200FB5B1AA}"
EndProject
Project("{FAE04EC0-301F-11D3-BF4B-00C04F79EFBC}") = "Google.Protobuf", "Google.Protobuf\Google.Protobuf.csproj", "{DC422E03-8A86-4397-BFE3-8BCAD8FFA638}"
EndProject
Project("{FAE04EC0-301F-11D3-BF4B-00C04F79EFBC}") = "GSE.Core", "GSE.Core\GSE.Core.csproj", "{537D79D1-AC85-46D5-92B2-CC0EF4CA859E}"
EndProject
Project("{FAE04EC0-301F-11D3-BF4B-00C04F79EFBC}") = "GSE.GSNet", "GSE.GSNet\GSE.GSNet.csproj", "{3272EF59-EFAF-4922-9452-76CCAA8FA4C8}"
EndProject
Project("{FAE04EC0-301F-11D3-BF4B-00C04F79EFBC}") = "LitJson", "LitJson\LitJson.csproj", "{24A277EB-7973-4BB5-8F55-EA1ECF061FE1}"
EndProject
Project("{FAE04EC0-301F-11D3-BF4B-00C04F79EFBC}") = "GSE.GSSdk", "GSE.GSSdk\GSE.GSSdk.csproj", "{AC1900B4-16AE-4D57-A414-1BCB8CEFED27}"
EndProject
Project("{FAE04EC0-301F-11D3-BF4B-00C04F79EFBC}") = "b1.Managed", "b1.Managed\b1.Managed.csproj", "{4DE0CD28-201F-4C07-9AE0-11CA89F1725D}"
EndProject
Global
	GlobalSection(SolutionConfigurationPlatforms) = preSolution
		Debug|AnyCPU = Debug|AnyCPU
		Debug|x86 = Debug|x86
		Release|AnyCPU = Release|AnyCPU
		Release|x86 = Release|x86
	EndGlobalSection
	GlobalSection(ProjectConfigurationPlatforms) = postSolution
		{A45DFEC2-6890-4F5D-8D84-7C3B4CB8687B}.Debug|AnyCPU.ActiveCfg = Debug|AnyCPU
		{A45DFEC2-6890-4F5D-8D84-7C3B4CB8687B}.Debug|AnyCPU.Build.0 = Debug|AnyCPU
		{A45DFEC2-6890-4F5D-8D84-7C3B4CB8687B}.Debug|x86.ActiveCfg = Debug|AnyCPU
		{A45DFEC2-6890-4F5D-8D84-7C3B4CB8687B}.Debug|x86.Build.0 = Debug|AnyCPU
		{A45DFEC2-6890-4F5D-8D84-7C3B4CB8687B}.Release|AnyCPU.ActiveCfg = Release|AnyCPU
		{A45DFEC2-6890-4F5D-8D84-7C3B4CB8687B}.Release|AnyCPU.Build.0 = Release|AnyCPU
		{A45DFEC2-6890-4F5D-8D84-7C3B4CB8687B}.Release|x86.ActiveCfg = Release|AnyCPU
		{A45DFEC2-6890-4F5D-8D84-7C3B4CB8687B}.Release|x86.Build.0 = Release|AnyCPU
		{1D64C6E0-0D00-4AC9-B44E-01BB70193859}.Debug|AnyCPU.ActiveCfg = Debug|AnyCPU
		{1D64C6E0-0D00-4AC9-B44E-01BB70193859}.Debug|AnyCPU.Build.0 = Debug|AnyCPU
		{1D64C6E0-0D00-4AC9-B44E-01BB70193859}.Debug|x86.ActiveCfg = Debug|AnyCPU
		{1D64C6E0-0D00-4AC9-B44E-01BB70193859}.Debug|x86.Build.0 = Debug|AnyCPU
		{1D64C6E0-0D00-4AC9-B44E-01BB70193859}.Release|AnyCPU.ActiveCfg = Release|AnyCPU
		{1D64C6E0-0D00-4AC9-B44E-01BB70193859}.Release|AnyCPU.Build.0 = Release|AnyCPU
		{1D64C6E0-0D00-4AC9-B44E-01BB70193859}.Release|x86.ActiveCfg = Release|AnyCPU
		{1D64C6E0-0D00-4AC9-B44E-01BB70193859}.Release|x86.Build.0 = Release|AnyCPU
		{65847956-C04F-4918-9202-34CD84E2860E}.Debug|AnyCPU.ActiveCfg = Debug|AnyCPU
		{65847956-C04F-4918-9202-34CD84E2860E}.Debug|AnyCPU.Build.0 = Debug|AnyCPU
		{65847956-C04F-4918-9202-34CD84E2860E}.Debug|x86.ActiveCfg = Debug|AnyCPU
		{65847956-C04F-4918-9202-34CD84E2860E}.Debug|x86.Build.0 = Debug|AnyCPU
		{65847956-C04F-4918-9202-34CD84E2860E}.Release|AnyCPU.ActiveCfg = Release|AnyCPU
		{65847956-C04F-4918-9202-34CD84E2860E}.Release|AnyCPU.Build.0 = Release|AnyCPU
		{65847956-C04F-4918-9202-34CD84E2860E}.Release|x86.ActiveCfg = Release|AnyCPU
		{65847956-C04F-4918-9202-34CD84E2860E}.Release|x86.Build.0 = Release|AnyCPU
		{A29273EC-F17D-40CC-A01E-1ED3C62D3204}.Debug|AnyCPU.ActiveCfg = Debug|AnyCPU
		{A29273EC-F17D-40CC-A01E-1ED3C62D3204}.Debug|AnyCPU.Build.0 = Debug|AnyCPU
		{A29273EC-F17D-40CC-A01E-1ED3C62D3204}.Debug|x86.ActiveCfg = Debug|AnyCPU
		{A29273EC-F17D-40CC-A01E-1ED3C62D3204}.Debug|x86.Build.0 = Debug|AnyCPU
		{A29273EC-F17D-40CC-A01E-1ED3C62D3204}.Release|AnyCPU.ActiveCfg = Release|AnyCPU
		{A29273EC-F17D-40CC-A01E-1ED3C62D3204}.Release|AnyCPU.Build.0 = Release|AnyCPU
		{A29273EC-F17D-40CC-A01E-1ED3C62D3204}.Release|x86.ActiveCfg = Release|AnyCPU
		{A29273EC-F17D-40CC-A01E-1ED3C62D3204}.Release|x86.Build.0 = Release|AnyCPU
		{898E51D4-0FF1-4D24-8021-F2F7EF9E768D}.Debug|AnyCPU.ActiveCfg = Debug|AnyCPU
		{898E51D4-0FF1-4D24-8021-F2F7EF9E768D}.Debug|AnyCPU.Build.0 = Debug|AnyCPU
		{898E51D4-0FF1-4D24-8021-F2F7EF9E768D}.Debug|x86.ActiveCfg = Debug|AnyCPU
		{898E51D4-0FF1-4D24-8021-F2F7EF9E768D}.Debug|x86.Build.0 = Debug|AnyCPU
		{898E51D4-0FF1-4D24-8021-F2F7EF9E768D}.Release|AnyCPU.ActiveCfg = Release|AnyCPU
		{898E51D4-0FF1-4D24-8021-F2F7EF9E768D}.Release|AnyCPU.Build.0 = Release|AnyCPU
		{898E51D4-0FF1-4D24-8021-F2F7EF9E768D}.Release|x86.ActiveCfg = Release|AnyCPU
		{898E51D4-0FF1-4D24-8021-F2F7EF9E768D}.Release|x86.Build.0 = Release|AnyCPU
		{95610001-6490-4D97-AA5F-658F002F2133}.Debug|AnyCPU.ActiveCfg = Debug|AnyCPU
		{95610001-6490-4D97-AA5F-658F002F2133}.Debug|AnyCPU.Build.0 = Debug|AnyCPU
		{95610001-6490-4D97-AA5F-658F002F2133}.Debug|x86.ActiveCfg = Debug|AnyCPU
		{95610001-6490-4D97-AA5F-658F002F2133}.Debug|x86.Build.0 = Debug|AnyCPU
		{95610001-6490-4D97-AA5F-658F002F2133}.Release|AnyCPU.ActiveCfg = Release|AnyCPU
		{95610001-6490-4D97-AA5F-658F002F2133}.Release|AnyCPU.Build.0 = Release|AnyCPU
		{95610001-6490-4D97-AA5F-658F002F2133}.Release|x86.ActiveCfg = Release|AnyCPU
		{95610001-6490-4D97-AA5F-658F002F2133}.Release|x86.Build.0 = Release|AnyCPU
		{6FC5C991-EA92-4308-A95B-F04B4252FAD3}.Debug|AnyCPU.ActiveCfg = Debug|AnyCPU
		{6FC5C991-EA92-4308-A95B-F04B4252FAD3}.Debug|AnyCPU.Build.0 = Debug|AnyCPU
		{6FC5C991-EA92-4308-A95B-F04B4252FAD3}.Debug|x86.ActiveCfg = Debug|AnyCPU
		{6FC5C991-EA92-4308-A95B-F04B4252FAD3}.Debug|x86.Build.0 = Debug|AnyCPU
		{6FC5C991-EA92-4308-A95B-F04B4252FAD3}.Release|AnyCPU.ActiveCfg = Release|AnyCPU
		{6FC5C991-EA92-4308-A95B-F04B4252FAD3}.Release|AnyCPU.Build.0 = Release|AnyCPU
		{6FC5C991-EA92-4308-A95B-F04B4252FAD3}.Release|x86.ActiveCfg = Release|AnyCPU
		{6FC5C991-EA92-4308-A95B-F04B4252FAD3}.Release|x86.Build.0 = Release|AnyCPU
		{CB3DEB2B-DF7D-403A-8848-30F3D929160C}.Debug|AnyCPU.ActiveCfg = Debug|AnyCPU
		{CB3DEB2B-DF7D-403A-8848-30F3D929160C}.Debug|AnyCPU.Build.0 = Debug|AnyCPU
		{CB3DEB2B-DF7D-403A-8848-30F3D929160C}.Debug|x86.ActiveCfg = Debug|AnyCPU
		{CB3DEB2B-DF7D-403A-8848-30F3D929160C}.Debug|x86.Build.0 = Debug|AnyCPU
		{CB3DEB2B-DF7D-403A-8848-30F3D929160C}.Release|AnyCPU.ActiveCfg = Release|AnyCPU
		{CB3DEB2B-DF7D-403A-8848-30F3D929160C}.Release|AnyCPU.Build.0 = Release|AnyCPU
		{CB3DEB2B-DF7D-403A-8848-30F3D929160C}.Release|x86.ActiveCfg = Release|AnyCPU
		{CB3DEB2B-DF7D-403A-8848-30F3D929160C}.Release|x86.Build.0 = Release|AnyCPU
		{3D302996-38EE-418B-972D-82FB5779609C}.Debug|AnyCPU.ActiveCfg = Debug|x86
		{3D302996-38EE-418B-972D-82FB5779609C}.Debug|AnyCPU.Build.0 = Debug|x86
		{3D302996-38EE-418B-972D-82FB5779609C}.Debug|x86.ActiveCfg = Debug|x86
		{3D302996-38EE-418B-972D-82FB5779609C}.Debug|x86.Build.0 = Debug|x86
		{3D302996-38EE-418B-972D-82FB5779609C}.Release|AnyCPU.ActiveCfg = Release|x86
		{3D302996-38EE-418B-972D-82FB5779609C}.Release|AnyCPU.Build.0 = Release|x86
		{3D302996-38EE-418B-972D-82FB5779609C}.Release|x86.ActiveCfg = Release|x86
		{3D302996-38EE-418B-972D-82FB5779609C}.Release|x86.Build.0 = Release|x86
		{B2CB39F0-8568-41A3-B6B7-D3B54CA24100}.Debug|AnyCPU.ActiveCfg = Debug|AnyCPU
		{B2CB39F0-8568-41A3-B6B7-D3B54CA24100}.Debug|AnyCPU.Build.0 = Debug|AnyCPU
		{B2CB39F0-8568-41A3-B6B7-D3B54CA24100}.Debug|x86.ActiveCfg = Debug|AnyCPU
		{B2CB39F0-8568-41A3-B6B7-D3B54CA24100}.Debug|x86.Build.0 = Debug|AnyCPU
		{B2CB39F0-8568-41A3-B6B7-D3B54CA24100}.Release|AnyCPU.ActiveCfg = Release|AnyCPU
		{B2CB39F0-8568-41A3-B6B7-D3B54CA24100}.Release|AnyCPU.Build.0 = Release|AnyCPU
		{B2CB39F0-8568-41A3-B6B7-D3B54CA24100}.Release|x86.ActiveCfg = Release|AnyCPU
		{B2CB39F0-8568-41A3-B6B7-D3B54CA24100}.Release|x86.Build.0 = Release|AnyCPU
		{89C66BA3-47F8-4F86-871B-7C200FB5B1AA}.Debug|AnyCPU.ActiveCfg = Debug|AnyCPU
		{89C66BA3-47F8-4F86-871B-7C200FB5B1AA}.Debug|AnyCPU.Build.0 = Debug|AnyCPU
		{89C66BA3-47F8-4F86-871B-7C200FB5B1AA}.Debug|x86.ActiveCfg = Debug|AnyCPU
		{89C66BA3-47F8-4F86-871B-7C200FB5B1AA}.Debug|x86.Build.0 = Debug|AnyCPU
		{89C66BA3-47F8-4F86-871B-7C200FB5B1AA}.Release|AnyCPU.ActiveCfg = Release|AnyCPU
		{89C66BA3-47F8-4F86-871B-7C200FB5B1AA}.Release|AnyCPU.Build.0 = Release|AnyCPU
		{89C66BA3-47F8-4F86-871B-7C200FB5B1AA}.Release|x86.ActiveCfg = Release|AnyCPU
		{89C66BA3-47F8-4F86-871B-7C200FB5B1AA}.Release|x86.Build.0 = Release|AnyCPU
		{DC422E03-8A86-4397-BFE3-8BCAD8FFA638}.Debug|AnyCPU.ActiveCfg = Debug|AnyCPU
		{DC422E03-8A86-4397-BFE3-8BCAD8FFA638}.Debug|AnyCPU.Build.0 = Debug|AnyCPU
		{DC422E03-8A86-4397-BFE3-8BCAD8FFA638}.Debug|x86.ActiveCfg = Debug|AnyCPU
		{DC422E03-8A86-4397-BFE3-8BCAD8FFA638}.Debug|x86.Build.0 = Debug|AnyCPU
		{DC422E03-8A86-4397-BFE3-8BCAD8FFA638}.Release|AnyCPU.ActiveCfg = Release|AnyCPU
		{DC422E03-8A86-4397-BFE3-8BCAD8FFA638}.Release|AnyCPU.Build.0 = Release|AnyCPU
		{DC422E03-8A86-4397-BFE3-8BCAD8FFA638}.Release|x86.ActiveCfg = Release|AnyCPU
		{DC422E03-8A86-4397-BFE3-8BCAD8FFA638}.Release|x86.Build.0 = Release|AnyCPU
		{537D79D1-AC85-46D5-92B2-CC0EF4CA859E}.Debug|AnyCPU.ActiveCfg = Debug|AnyCPU
		{537D79D1-AC85-46D5-92B2-CC0EF4CA859E}.Debug|AnyCPU.Build.0 = Debug|AnyCPU
		{537D79D1-AC85-46D5-92B2-CC0EF4CA859E}.Debug|x86.ActiveCfg = Debug|AnyCPU
		{537D79D1-AC85-46D5-92B2-CC0EF4CA859E}.Debug|x86.Build.0 = Debug|AnyCPU
		{537D79D1-AC85-46D5-92B2-CC0EF4CA859E}.Release|AnyCPU.ActiveCfg = Release|AnyCPU
		{537D79D1-AC85-46D5-92B2-CC0EF4CA859E}.Release|AnyCPU.Build.0 = Release|AnyCPU
		{537D79D1-AC85-46D5-92B2-CC0EF4CA859E}.Release|x86.ActiveCfg = Release|AnyCPU
		{537D79D1-AC85-46D5-92B2-CC0EF4CA859E}.Release|x86.Build.0 = Release|AnyCPU
		{3272EF59-EFAF-4922-9452-76CCAA8FA4C8}.Debug|AnyCPU.ActiveCfg = Debug|AnyCPU
		{3272EF59-EFAF-4922-9452-76CCAA8FA4C8}.Debug|AnyCPU.Build.0 = Debug|AnyCPU
		{3272EF59-EFAF-4922-9452-76CCAA8FA4C8}.Debug|x86.ActiveCfg = Debug|AnyCPU
		{3272EF59-EFAF-4922-9452-76CCAA8FA4C8}.Debug|x86.Build.0 = Debug|AnyCPU
		{3272EF59-EFAF-4922-9452-76CCAA8FA4C8}.Release|AnyCPU.ActiveCfg = Release|AnyCPU
		{3272EF59-EFAF-4922-9452-76CCAA8FA4C8}.Release|AnyCPU.Build.0 = Release|AnyCPU
		{3272EF59-EFAF-4922-9452-76CCAA8FA4C8}.Release|x86.ActiveCfg = Release|AnyCPU
		{3272EF59-EFAF-4922-9452-76CCAA8FA4C8}.Release|x86.Build.0 = Release|AnyCPU
		{24A277EB-7973-4BB5-8F55-EA1ECF061FE1}.Debug|AnyCPU.ActiveCfg = Debug|AnyCPU
		{24A277EB-7973-4BB5-8F55-EA1ECF061FE1}.Debug|AnyCPU.Build.0 = Debug|AnyCPU
		{24A277EB-7973-4BB5-8F55-EA1ECF061FE1}.Debug|x86.ActiveCfg = Debug|AnyCPU
		{24A277EB-7973-4BB5-8F55-EA1ECF061FE1}.Debug|x86.Build.0 = Debug|AnyCPU
		{24A277EB-7973-4BB5-8F55-EA1ECF061FE1}.Release|AnyCPU.ActiveCfg = Release|AnyCPU
		{24A277EB-7973-4BB5-8F55-EA1ECF061FE1}.Release|AnyCPU.Build.0 = Release|AnyCPU
		{24A277EB-7973-4BB5-8F55-EA1ECF061FE1}.Release|x86.ActiveCfg = Release|AnyCPU
		{24A277EB-7973-4BB5-8F55-EA1ECF061FE1}.Release|x86.Build.0 = Release|AnyCPU
		{AC1900B4-16AE-4D57-A414-1BCB8CEFED27}.Debug|AnyCPU.ActiveCfg = Debug|AnyCPU
		{AC1900B4-16AE-4D57-A414-1BCB8CEFED27}.Debug|AnyCPU.Build.0 = Debug|AnyCPU
		{AC1900B4-16AE-4D57-A414-1BCB8CEFED27}.Debug|x86.ActiveCfg = Debug|AnyCPU
		{AC1900B4-16AE-4D57-A414-1BCB8CEFED27}.Debug|x86.Build.0 = Debug|AnyCPU
		{AC1900B4-16AE-4D57-A414-1BCB8CEFED27}.Release|AnyCPU.ActiveCfg = Release|AnyCPU
		{AC1900B4-16AE-4D57-A414-1BCB8CEFED27}.Release|AnyCPU.Build.0 = Release|AnyCPU
		{AC1900B4-16AE-4D57-A414-1BCB8CEFED27}.Release|x86.ActiveCfg = Release|AnyCPU
		{AC1900B4-16AE-4D57-A414-1BCB8CEFED27}.Release|x86.Build.0 = Release|AnyCPU
		{4DE0CD28-201F-4C07-9AE0-11CA89F1725D}.Debug|AnyCPU.ActiveCfg = Debug|AnyCPU
		{4DE0CD28-201F-4C07-9AE0-11CA89F1725D}.Debug|AnyCPU.Build.0 = Debug|AnyCPU
		{4DE0CD28-201F-4C07-9AE0-11CA89F1725D}.Debug|x86.ActiveCfg = Debug|AnyCPU
		{4DE0CD28-201F-4C07-9AE0-11CA89F1725D}.Debug|x86.Build.0 = Debug|AnyCPU
		{4DE0CD28-201F-4C07-9AE0-11CA89F1725D}.Release|AnyCPU.ActiveCfg = Release|AnyCPU
		{4DE0CD28-201F-4C07-9AE0-11CA89F1725D}.Release|AnyCPU.Build.0 = Release|AnyCPU
		{4DE0CD28-201F-4C07-9AE0-11CA89F1725D}.Release|x86.ActiveCfg = Release|AnyCPU
		{4DE0CD28-201F-4C07-9AE0-11CA89F1725D}.Release|x86.Build.0 = Release|AnyCPU
	EndGlobalSection
	GlobalSection(SolutionProperties) = preSolution
		HideSolutionNode = FALSE
	EndGlobalSection
EndGlobal
